// !$*UTF8*$!
{
	archiveVersion = 1;
	classes = {
	};
	objectVersion = 50;
	objects = {

/* Begin PBXBuildFile section */
		99036C69225447250007F86E /* AppDelegate.swift in Sources */ = {isa = PBXBuildFile; fileRef = 99036C68225447250007F86E /* AppDelegate.swift */; };
		99036C6B225447250007F86E /* ViewController.swift in Sources */ = {isa = PBXBuildFile; fileRef = 99036C6A225447250007F86E /* ViewController.swift */; };
		99036C6E225447250007F86E /* Main.storyboard in Resources */ = {isa = PBXBuildFile; fileRef = 99036C6C225447250007F86E /* Main.storyboard */; };
		99036C70225447260007F86E /* Assets.xcassets in Resources */ = {isa = PBXBuildFile; fileRef = 99036C6F225447260007F86E /* Assets.xcassets */; };
		99036C73225447260007F86E /* LaunchScreen.storyboard in Resources */ = {isa = PBXBuildFile; fileRef = 99036C71225447260007F86E /* LaunchScreen.storyboard */; };
		99036C7E225447260007F86E /* SushiWalletTests.swift in Sources */ = {isa = PBXBuildFile; fileRef = 99036C7D225447260007F86E /* SushiWalletTests.swift */; };
		99036C89225447260007F86E /* SushiWalletUITests.swift in Sources */ = {isa = PBXBuildFile; fileRef = 99036C88225447260007F86E /* SushiWalletUITests.swift */; };
/* End PBXBuildFile section */

/* Begin PBXContainerItemProxy section */
		99036C7A225447260007F86E /* PBXContainerItemProxy */ = {
			isa = PBXContainerItemProxy;
			containerPortal = 99036C5D225447250007F86E /* Project object */;
			proxyType = 1;
			remoteGlobalIDString = 99036C64225447250007F86E;
			remoteInfo = SushiWallet;
		};
		99036C85225447260007F86E /* PBXContainerItemProxy */ = {
			isa = PBXContainerItemProxy;
			containerPortal = 99036C5D225447250007F86E /* Project object */;
			proxyType = 1;
			remoteGlobalIDString = 99036C64225447250007F86E;
			remoteInfo = SushiWallet;
		};
/* End PBXContainerItemProxy section */

/* Begin PBXFileReference section */
		99036C65225447250007F86E /* SushiWallet.app */ = {isa = PBXFileReference; explicitFileType = wrapper.application; includeInIndex = 0; path = SushiWallet.app; sourceTree = BUILT_PRODUCTS_DIR; };
		99036C68225447250007F86E /* AppDelegate.swift */ = {isa = PBXFileReference; lastKnownFileType = sourcecode.swift; path = AppDelegate.swift; sourceTree = "<group>"; };
		99036C6A225447250007F86E /* ViewController.swift */ = {isa = PBXFileReference; lastKnownFileType = sourcecode.swift; path = ViewController.swift; sourceTree = "<group>"; };
		99036C6D225447250007F86E /* Base */ = {isa = PBXFileReference; lastKnownFileType = file.storyboard; name = Base; path = Base.lproj/Main.storyboard; sourceTree = "<group>"; };
		99036C6F225447260007F86E /* Assets.xcassets */ = {isa = PBXFileReference; lastKnownFileType = folder.assetcatalog; path = Assets.xcassets; sourceTree = "<group>"; };
		99036C72225447260007F86E /* Base */ = {isa = PBXFileReference; lastKnownFileType = file.storyboard; name = Base; path = Base.lproj/LaunchScreen.storyboard; sourceTree = "<group>"; };
		99036C74225447260007F86E /* Info.plist */ = {isa = PBXFileReference; lastKnownFileType = text.plist.xml; path = Info.plist; sourceTree = "<group>"; };
		99036C79225447260007F86E /* SushiWalletTests.xctest */ = {isa = PBXFileReference; explicitFileType = wrapper.cfbundle; includeInIndex = 0; path = SushiWalletTests.xctest; sourceTree = BUILT_PRODUCTS_DIR; };
		99036C7D225447260007F86E /* SushiWalletTests.swift */ = {isa = PBXFileReference; lastKnownFileType = sourcecode.swift; path = SushiWalletTests.swift; sourceTree = "<group>"; };
		99036C7F225447260007F86E /* Info.plist */ = {isa = PBXFileReference; lastKnownFileType = text.plist.xml; path = Info.plist; sourceTree = "<group>"; };
		99036C84225447260007F86E /* SushiWalletUITests.xctest */ = {isa = PBXFileReference; explicitFileType = wrapper.cfbundle; includeInIndex = 0; path = SushiWalletUITests.xctest; sourceTree = BUILT_PRODUCTS_DIR; };
		99036C88225447260007F86E /* SushiWalletUITests.swift */ = {isa = PBXFileReference; lastKnownFileType = sourcecode.swift; path = SushiWalletUITests.swift; sourceTree = "<group>"; };
		99036C8A225447260007F86E /* Info.plist */ = {isa = PBXFileReference; lastKnownFileType = text.plist.xml; path = Info.plist; sourceTree = "<group>"; };
/* End PBXFileReference section */

/* Begin PBXFrameworksBuildPhase section */
		99036C62225447250007F86E /* Frameworks */ = {
			isa = PBXFrameworksBuildPhase;
			buildActionMask = 2147483647;
			files = (
			);
			runOnlyForDeploymentPostprocessing = 0;
		};
		99036C76225447260007F86E /* Frameworks */ = {
			isa = PBXFrameworksBuildPhase;
			buildActionMask = 2147483647;
			files = (
			);
			runOnlyForDeploymentPostprocessing = 0;
		};
		99036C81225447260007F86E /* Frameworks */ = {
			isa = PBXFrameworksBuildPhase;
			buildActionMask = 2147483647;
			files = (
			);
			runOnlyForDeploymentPostprocessing = 0;
		};
/* End PBXFrameworksBuildPhase section */

/* Begin PBXGroup section */
		99036C5C225447250007F86E = {
			isa = PBXGroup;
			children = (
				99036C67225447250007F86E /* SushiWallet */,
				99036C7C225447260007F86E /* SushiWalletTests */,
				99036C87225447260007F86E /* SushiWalletUITests */,
				99036C66225447250007F86E /* Products */,
			);
			sourceTree = "<group>";
		};
		99036C66225447250007F86E /* Products */ = {
			isa = PBXGroup;
			children = (
				99036C65225447250007F86E /* SushiWallet.app */,
				99036C79225447260007F86E /* SushiWalletTests.xctest */,
				99036C84225447260007F86E /* SushiWalletUITests.xctest */,
			);
			name = Products;
			sourceTree = "<group>";
		};
		99036C67225447250007F86E /* SushiWallet */ = {
			isa = PBXGroup;
			children = (
				99036C68225447250007F86E /* AppDelegate.swift */,
				99036C6A225447250007F86E /* ViewController.swift */,
				99036C6C225447250007F86E /* Main.storyboard */,
				99036C6F225447260007F86E /* Assets.xcassets */,
				99036C71225447260007F86E /* LaunchScreen.storyboard */,
				99036C74225447260007F86E /* Info.plist */,
			);
			path = SushiWallet;
			sourceTree = "<group>";
		};
		99036C7C225447260007F86E /* SushiWalletTests */ = {
			isa = PBXGroup;
			children = (
				99036C7D225447260007F86E /* SushiWalletTests.swift */,
				99036C7F225447260007F86E /* Info.plist */,
			);
			path = SushiWalletTests;
			sourceTree = "<group>";
		};
		99036C87225447260007F86E /* SushiWalletUITests */ = {
			isa = PBXGroup;
			children = (
				99036C88225447260007F86E /* SushiWalletUITests.swift */,
				99036C8A225447260007F86E /* Info.plist */,
			);
			path = SushiWalletUITests;
			sourceTree = "<group>";
		};
/* End PBXGroup section */

/* Begin PBXNativeTarget section */
		99036C64225447250007F86E /* SushiWallet */ = {
			isa = PBXNativeTarget;
			buildConfigurationList = 99036C8D225447260007F86E /* Build configuration list for PBXNativeTarget "SushiWallet" */;
			buildPhases = (
				99036C61225447250007F86E /* Sources */,
				99036C62225447250007F86E /* Frameworks */,
				99036C63225447250007F86E /* Resources */,
			);
			buildRules = (
			);
			dependencies = (
			);
			name = SushiWallet;
			productName = SushiWallet;
			productReference = 99036C65225447250007F86E /* SushiWallet.app */;
			productType = "com.apple.product-type.application";
		};
		99036C78225447260007F86E /* SushiWalletTests */ = {
			isa = PBXNativeTarget;
			buildConfigurationList = 99036C90225447260007F86E /* Build configuration list for PBXNativeTarget "SushiWalletTests" */;
			buildPhases = (
				99036C75225447260007F86E /* Sources */,
				99036C76225447260007F86E /* Frameworks */,
				99036C77225447260007F86E /* Resources */,
			);
			buildRules = (
			);
			dependencies = (
				99036C7B225447260007F86E /* PBXTargetDependency */,
			);
			name = SushiWalletTests;
			productName = SushiWalletTests;
			productReference = 99036C79225447260007F86E /* SushiWalletTests.xctest */;
			productType = "com.apple.product-type.bundle.unit-test";
		};
		99036C83225447260007F86E /* SushiWalletUITests */ = {
			isa = PBXNativeTarget;
			buildConfigurationList = 99036C93225447260007F86E /* Build configuration list for PBXNativeTarget "SushiWalletUITests" */;
			buildPhases = (
				99036C80225447260007F86E /* Sources */,
				99036C81225447260007F86E /* Frameworks */,
				99036C82225447260007F86E /* Resources */,
			);
			buildRules = (
			);
			dependencies = (
				99036C86225447260007F86E /* PBXTargetDependency */,
			);
			name = SushiWalletUITests;
			productName = SushiWalletUITests;
			productReference = 99036C84225447260007F86E /* SushiWalletUITests.xctest */;
			productType = "com.apple.product-type.bundle.ui-testing";
		};
/* End PBXNativeTarget section */

/* Begin PBXProject section */
		99036C5D225447250007F86E /* Project object */ = {
			isa = PBXProject;
			attributes = {
				LastSwiftUpdateCheck = 1020;
				LastUpgradeCheck = 1020;
				ORGANIZATIONNAME = "Yuto Mizutani";
				TargetAttributes = {
					99036C64225447250007F86E = {
						CreatedOnToolsVersion = 10.2;
					};
					99036C78225447260007F86E = {
						CreatedOnToolsVersion = 10.2;
						TestTargetID = 99036C64225447250007F86E;
					};
					99036C83225447260007F86E = {
						CreatedOnToolsVersion = 10.2;
						TestTargetID = 99036C64225447250007F86E;
					};
				};
			};
			buildConfigurationList = 99036C60225447250007F86E /* Build configuration list for PBXProject "SushiWallet" */;
			compatibilityVersion = "Xcode 9.3";
			developmentRegion = en;
			hasScannedForEncodings = 0;
			knownRegions = (
				en,
				Base,
			);
			mainGroup = 99036C5C225447250007F86E;
			productRefGroup = 99036C66225447250007F86E /* Products */;
			projectDirPath = "";
			projectRoot = "";
			targets = (
				99036C64225447250007F86E /* SushiWallet */,
				99036C78225447260007F86E /* SushiWalletTests */,
				99036C83225447260007F86E /* SushiWalletUITests */,
			);
		};
/* End PBXProject section */

/* Begin PBXResourcesBuildPhase section */
		99036C63225447250007F86E /* Resources */ = {
			isa = PBXResourcesBuildPhase;
			buildActionMask = 2147483647;
			files = (
				99036C73225447260007F86E /* LaunchScreen.storyboard in Resources */,
				99036C70225447260007F86E /* Assets.xcassets in Resources */,
				99036C6E225447250007F86E /* Main.storyboard in Resources */,
			);
			runOnlyForDeploymentPostprocessing = 0;
		};
		99036C77225447260007F86E /* Resources */ = {
			isa = PBXResourcesBuildPhase;
			buildActionMask = 2147483647;
			files = (
			);
			runOnlyForDeploymentPostprocessing = 0;
		};
		99036C82225447260007F86E /* Resources */ = {
			isa = PBXResourcesBuildPhase;
			buildActionMask = 2147483647;
			files = (
			);
			runOnlyForDeploymentPostprocessing = 0;
		};
/* End PBXResourcesBuildPhase section */

/* Begin PBXSourcesBuildPhase section */
		99036C61225447250007F86E /* Sources */ = {
			isa = PBXSourcesBuildPhase;
			buildActionMask = 2147483647;
			files = (
				99036C6B225447250007F86E /* ViewController.swift in Sources */,
				99036C69225447250007F86E /* AppDelegate.swift in Sources */,
			);
			runOnlyForDeploymentPostprocessing = 0;
		};
		99036C75225447260007F86E /* Sources */ = {
			isa = PBXSourcesBuildPhase;
			buildActionMask = 2147483647;
			files = (
				99036C7E225447260007F86E /* SushiWalletTests.swift in Sources */,
			);
			runOnlyForDeploymentPostprocessing = 0;
		};
		99036C80225447260007F86E /* Sources */ = {
			isa = PBXSourcesBuildPhase;
			buildActionMask = 2147483647;
			files = (
				99036C89225447260007F86E /* SushiWalletUITests.swift in Sources */,
			);
			runOnlyForDeploymentPostprocessing = 0;
		};
/* End PBXSourcesBuildPhase section */

/* Begin PBXTargetDependency section */
		99036C7B225447260007F86E /* PBXTargetDependency */ = {
			isa = PBXTargetDependency;
			target = 99036C64225447250007F86E /* SushiWallet */;
			targetProxy = 99036C7A225447260007F86E /* PBXContainerItemProxy */;
		};
		99036C86225447260007F86E /* PBXTargetDependency */ = {
			isa = PBXTargetDependency;
			target = 99036C64225447250007F86E /* SushiWallet */;
			targetProxy = 99036C85225447260007F86E /* PBXContainerItemProxy */;
		};
/* End PBXTargetDependency section */

/* Begin PBXVariantGroup section */
		99036C6C225447250007F86E /* Main.storyboard */ = {
			isa = PBXVariantGroup;
			children = (
				99036C6D225447250007F86E /* Base */,
			);
			name = Main.storyboard;
			sourceTree = "<group>";
		};
		99036C71225447260007F86E /* LaunchScreen.storyboard */ = {
			isa = PBXVariantGroup;
			children = (
				99036C72225447260007F86E /* Base */,
			);
			name = LaunchScreen.storyboard;
			sourceTree = "<group>";
		};
/* End PBXVariantGroup section */

/* Begin XCBuildConfiguration section */
		99036C8B225447260007F86E /* Debug */ = {
			isa = XCBuildConfiguration;
			buildSettings = {
				ALWAYS_SEARCH_USER_PATHS = NO;
				CLANG_ANALYZER_NONNULL = YES;
				CLANG_ANALYZER_NUMBER_OBJECT_CONVERSION = YES_AGGRESSIVE;
				CLANG_CXX_LANGUAGE_STANDARD = "gnu++14";
				CLANG_CXX_LIBRARY = "libc++";
				CLANG_ENABLE_MODULES = YES;
				CLANG_ENABLE_OBJC_ARC = YES;
				CLANG_ENABLE_OBJC_WEAK = YES;
				CLANG_WARN_BLOCK_CAPTURE_AUTORELEASING = YES;
				CLANG_WARN_BOOL_CONVERSION = YES;
				CLANG_WARN_COMMA = YES;
				CLANG_WARN_CONSTANT_CONVERSION = YES;
				CLANG_WARN_DEPRECATED_OBJC_IMPLEMENTATIONS = YES;
				CLANG_WARN_DIRECT_OBJC_ISA_USAGE = YES_ERROR;
				CLANG_WARN_DOCUMENTATION_COMMENTS = YES;
				CLANG_WARN_EMPTY_BODY = YES;
				CLANG_WARN_ENUM_CONVERSION = YES;
				CLANG_WARN_INFINITE_RECURSION = YES;
				CLANG_WARN_INT_CONVERSION = YES;
				CLANG_WARN_NON_LITERAL_NULL_CONVERSION = YES;
				CLANG_WARN_OBJC_IMPLICIT_RETAIN_SELF = YES;
				CLANG_WARN_OBJC_LITERAL_CONVERSION = YES;
				CLANG_WARN_OBJC_ROOT_CLASS = YES_ERROR;
				CLANG_WARN_RANGE_LOOP_ANALYSIS = YES;
				CLANG_WARN_STRICT_PROTOTYPES = YES;
				CLANG_WARN_SUSPICIOUS_MOVE = YES;
				CLANG_WARN_UNGUARDED_AVAILABILITY = YES_AGGRESSIVE;
				CLANG_WARN_UNREACHABLE_CODE = YES;
				CLANG_WARN__DUPLICATE_METHOD_MATCH = YES;
				CODE_SIGN_IDENTITY = "iPhone Developer";
				COPY_PHASE_STRIP = NO;
				DEBUG_INFORMATION_FORMAT = dwarf;
				ENABLE_STRICT_OBJC_MSGSEND = YES;
				ENABLE_TESTABILITY = YES;
				GCC_C_LANGUAGE_STANDARD = gnu11;
				GCC_DYNAMIC_NO_PIC = NO;
				GCC_NO_COMMON_BLOCKS = YES;
				GCC_OPTIMIZATION_LEVEL = 0;
				GCC_PREPROCESSOR_DEFINITIONS = (
					"DEBUG=1",
					"$(inherited)",
				);
				GCC_WARN_64_TO_32_BIT_CONVERSION = YES;
				GCC_WARN_ABOUT_RETURN_TYPE = YES_ERROR;
				GCC_WARN_UNDECLARED_SELECTOR = YES;
				GCC_WARN_UNINITIALIZED_AUTOS = YES_AGGRESSIVE;
				GCC_WARN_UNUSED_FUNCTION = YES;
				GCC_WARN_UNUSED_VARIABLE = YES;
				IPHONEOS_DEPLOYMENT_TARGET = 12.2;
				MTL_ENABLE_DEBUG_INFO = INCLUDE_SOURCE;
				MTL_FAST_MATH = YES;
				ONLY_ACTIVE_ARCH = YES;
				SDKROOT = iphoneos;
				SWIFT_ACTIVE_COMPILATION_CONDITIONS = DEBUG;
				SWIFT_OPTIMIZATION_LEVEL = "-Onone";
			};
			name = Debug;
		};
		99036C8C225447260007F86E /* Release */ = {
			isa = XCBuildConfiguration;
			buildSettings = {
				ALWAYS_SEARCH_USER_PATHS = NO;
				CLANG_ANALYZER_NONNULL = YES;
				CLANG_ANALYZER_NUMBER_OBJECT_CONVERSION = YES_AGGRESSIVE;
				CLANG_CXX_LANGUAGE_STANDARD = "gnu++14";
				CLANG_CXX_LIBRARY = "libc++";
				CLANG_ENABLE_MODULES = YES;
				CLANG_ENABLE_OBJC_ARC = YES;
				CLANG_ENABLE_OBJC_WEAK = YES;
				CLANG_WARN_BLOCK_CAPTURE_AUTORELEASING = YES;
				CLANG_WARN_BOOL_CONVERSION = YES;
				CLANG_WARN_COMMA = YES;
				CLANG_WARN_CONSTANT_CONVERSION = YES;
				CLANG_WARN_DEPRECATED_OBJC_IMPLEMENTATIONS = YES;
				CLANG_WARN_DIRECT_OBJC_ISA_USAGE = YES_ERROR;
				CLANG_WARN_DOCUMENTATION_COMMENTS = YES;
				CLANG_WARN_EMPTY_BODY = YES;
				CLANG_WARN_ENUM_CONVERSION = YES;
				CLANG_WARN_INFINITE_RECURSION = YES;
				CLANG_WARN_INT_CONVERSION = YES;
				CLANG_WARN_NON_LITERAL_NULL_CONVERSION = YES;
				CLANG_WARN_OBJC_IMPLICIT_RETAIN_SELF = YES;
				CLANG_WARN_OBJC_LITERAL_CONVERSION = YES;
				CLANG_WARN_OBJC_ROOT_CLASS = YES_ERROR;
				CLANG_WARN_RANGE_LOOP_ANALYSIS = YES;
				CLANG_WARN_STRICT_PROTOTYPES = YES;
				CLANG_WARN_SUSPICIOUS_MOVE = YES;
				CLANG_WARN_UNGUARDED_AVAILABILITY = YES_AGGRESSIVE;
				CLANG_WARN_UNREACHABLE_CODE = YES;
				CLANG_WARN__DUPLICATE_METHOD_MATCH = YES;
				CODE_SIGN_IDENTITY = "iPhone Developer";
				COPY_PHASE_STRIP = NO;
				DEBUG_INFORMATION_FORMAT = "dwarf-with-dsym";
				ENABLE_NS_ASSERTIONS = NO;
				ENABLE_STRICT_OBJC_MSGSEND = YES;
				GCC_C_LANGUAGE_STANDARD = gnu11;
				GCC_NO_COMMON_BLOCKS = YES;
				GCC_WARN_64_TO_32_BIT_CONVERSION = YES;
				GCC_WARN_ABOUT_RETURN_TYPE = YES_ERROR;
				GCC_WARN_UNDECLARED_SELECTOR = YES;
				GCC_WARN_UNINITIALIZED_AUTOS = YES_AGGRESSIVE;
				GCC_WARN_UNUSED_FUNCTION = YES;
				GCC_WARN_UNUSED_VARIABLE = YES;
				IPHONEOS_DEPLOYMENT_TARGET = 12.2;
				MTL_ENABLE_DEBUG_INFO = NO;
				MTL_FAST_MATH = YES;
				SDKROOT = iphoneos;
				SWIFT_COMPILATION_MODE = wholemodule;
				SWIFT_OPTIMIZATION_LEVEL = "-O";
				VALIDATE_PRODUCT = YES;
			};
			name = Release;
		};
		99036C8E225447260007F86E /* Debug */ = {
			isa = XCBuildConfiguration;
			buildSettings = {
				ASSETCATALOG_COMPILER_APPICON_NAME = AppIcon;
				CODE_SIGN_STYLE = Automatic;
				DEVELOPMENT_TEAM = Y3FSN97W3M;
				INFOPLIST_FILE = SushiWallet/Info.plist;
				LD_RUNPATH_SEARCH_PATHS = (
					"$(inherited)",
					"@executable_path/Frameworks",
				);
				PRODUCT_BUNDLE_IDENTIFIER = YutoMizutani.SushiWallet;
				PRODUCT_NAME = "$(TARGET_NAME)";
				SWIFT_VERSION = 5.0;
				TARGETED_DEVICE_FAMILY = "1,2";
			};
			name = Debug;
		};
		99036C8F225447260007F86E /* Release */ = {
			isa = XCBuildConfiguration;
			buildSettings = {
				ASSETCATALOG_COMPILER_APPICON_NAME = AppIcon;
				CODE_SIGN_STYLE = Automatic;
				DEVELOPMENT_TEAM = Y3FSN97W3M;
				INFOPLIST_FILE = SushiWallet/Info.plist;
				LD_RUNPATH_SEARCH_PATHS = (
					"$(inherited)",
					"@executable_path/Frameworks",
				);
				PRODUCT_BUNDLE_IDENTIFIER = YutoMizutani.SushiWallet;
				PRODUCT_NAME = "$(TARGET_NAME)";
				SWIFT_VERSION = 5.0;
				TARGETED_DEVICE_FAMILY = "1,2";
			};
			name = Release;
		};
		99036C91225447260007F86E /* Debug */ = {
			isa = XCBuildConfiguration;
			buildSettings = {
				ALWAYS_EMBED_SWIFT_STANDARD_LIBRARIES = YES;
				BUNDLE_LOADER = "$(TEST_HOST)";
				CODE_SIGN_STYLE = Automatic;
				DEVELOPMENT_TEAM = Y3FSN97W3M;
				INFOPLIST_FILE = SushiWalletTests/Info.plist;
				LD_RUNPATH_SEARCH_PATHS = (
					"$(inherited)",
					"@executable_path/Frameworks",
					"@loader_path/Frameworks",
				);
				PRODUCT_BUNDLE_IDENTIFIER = YutoMizutani.SushiWalletTests;
				PRODUCT_NAME = "$(TARGET_NAME)";
				SWIFT_VERSION = 5.0;
				TARGETED_DEVICE_FAMILY = "1,2";
				TEST_HOST = "$(BUILT_PRODUCTS_DIR)/SushiWallet.app/SushiWallet";
			};
			name = Debug;
		};
		99036C92225447260007F86E /* Release */ = {
			isa = XCBuildConfiguration;
			buildSettings = {
				ALWAYS_EMBED_SWIFT_STANDARD_LIBRARIES = YES;
				BUNDLE_LOADER = "$(TEST_HOST)";
				CODE_SIGN_STYLE = Automatic;
				DEVELOPMENT_TEAM = Y3FSN97W3M;
				INFOPLIST_FILE = SushiWalletTests/Info.plist;
				LD_RUNPATH_SEARCH_PATHS = (
					"$(inherited)",
					"@executable_path/Frameworks",
					"@loader_path/Frameworks",
				);
				PRODUCT_BUNDLE_IDENTIFIER = YutoMizutani.SushiWalletTests;
				PRODUCT_NAME = "$(TARGET_NAME)";
				SWIFT_VERSION = 5.0;
				TARGETED_DEVICE_FAMILY = "1,2";
				TEST_HOST = "$(BUILT_PRODUCTS_DIR)/SushiWallet.app/SushiWallet";
			};
			name = Release;
		};
		99036C94225447260007F86E /* Debug */ = {
			isa = XCBuildConfiguration;
			buildSettings = {
				ALWAYS_EMBED_SWIFT_STANDARD_LIBRARIES = YES;
				CODE_SIGN_STYLE = Automatic;
				DEVELOPMENT_TEAM = Y3FSN97W3M;
				INFOPLIST_FILE = SushiWalletUITests/Info.plist;
				LD_RUNPATH_SEARCH_PATHS = (
					"$(inherited)",
					"@executable_path/Frameworks",
					"@loader_path/Frameworks",
				);
				PRODUCT_BUNDLE_IDENTIFIER = YutoMizutani.SushiWalletUITests;
				PRODUCT_NAME = "$(TARGET_NAME)";
				SWIFT_VERSION = 5.0;
				TARGETED_DEVICE_FAMILY = "1,2";
				TEST_TARGET_NAME = SushiWallet;
			};
			name = Debug;
		};
		99036C95225447260007F86E /* Release */ = {
			isa = XCBuildConfiguration;
			buildSettings = {
				ALWAYS_EMBED_SWIFT_STANDARD_LIBRARIES = YES;
				CODE_SIGN_STYLE = Automatic;
				DEVELOPMENT_TEAM = Y3FSN97W3M;
				INFOPLIST_FILE = SushiWalletUITests/Info.plist;
				LD_RUNPATH_SEARCH_PATHS = (
					"$(inherited)",
					"@executable_path/Frameworks",
					"@loader_path/Frameworks",
				);
				PRODUCT_BUNDLE_IDENTIFIER = YutoMizutani.SushiWalletUITests;
				PRODUCT_NAME = "$(TARGET_NAME)";
				SWIFT_VERSION = 5.0;
				TARGETED_DEVICE_FAMILY = "1,2";
				TEST_TARGET_NAME = SushiWallet;
			};
			name = Release;
		};
/* End XCBuildConfiguration section */

/* Begin XCConfigurationList section */
		99036C60225447250007F86E /* Build configuration list for PBXProject "SushiWallet" */ = {
			isa = XCConfigurationList;
			buildConfigurations = (
				99036C8B225447260007F86E /* Debug */,
				99036C8C225447260007F86E /* Release */,
			);
			defaultConfigurationIsVisible = 0;
			defaultConfigurationName = Release;
		};
		99036C8D225447260007F86E /* Build configuration list for PBXNativeTarget "SushiWallet" */ = {
			isa = XCConfigurationList;
			buildConfigurations = (
				99036C8E225447260007F86E /* Debug */,
				99036C8F225447260007F86E /* Release */,
			);
			defaultConfigurationIsVisible = 0;
			defaultConfigurationName = Release;
		};
		99036C90225447260007F86E /* Build configuration list for PBXNativeTarget "SushiWalletTests" */ = {
			isa = XCConfigurationList;
			buildConfigurations = (
				99036C91225447260007F86E /* Debug */,
				99036C92225447260007F86E /* Release */,
			);
			defaultConfigurationIsVisible = 0;
			defaultConfigurationName = Release;
		};
		99036C93225447260007F86E /* Build configuration list for PBXNativeTarget "SushiWalletUITests" */ = {
			isa = XCConfigurationList;
			buildConfigurations = (
				99036C94225447260007F86E /* Debug */,
				99036C95225447260007F86E /* Release */,
			);
			defaultConfigurationIsVisible = 0;
			defaultConfigurationName = Release;
		};
/* End XCConfigurationList section */
	};
	rootObject = 99036C5D225447250007F86E /* Project object */;
}
